<Solution>
  <Project Path="01 Hälsningsroboten/01 Hälsningsroboten.csproj" />
  <Project Path="02 SkrivLinje/02 SkrivLinje.csproj" />
  <Project Path="03 Personlig hälsning/03 Personlig hälsning.csproj" />
  <Project Path="04 Temperaturtips/04 Temperaturtips.csproj" />
  <Project Path="05 Tärningskastet/05 Tärningskastet.csproj" />
  <Project Path="06 Kvittobyggaren/06 Kvittobyggaren.csproj" />
  <Project Path="07 Säker textinmatning/07 Säker textinmatning.csproj" />
  <Project Path="08 Validera e-post/08 Validera e-post.csproj" Id="5fbe1df8-e49e-415d-b480-b866a430a6c4" />
  <Project Path="09 Betygskalkylatorn/09 Betygskalkylatorn.csproj" Id="c57e4a89-be26-49b5-b8cd-8a8ad6d3cc71" />
</Solution>
